<?xml version="1.0" encoding="utf-8"?>
<Project ToolsVersion="17.0" xmlns="http://schemas.microsoft.com/developer/msbuild/2003">
  <ItemGroup>
    <ClCompile Include="C:\@ripcode\Graphics-Fundamental\src\01-Fundamental\01-GL-Window\01-GL-Window.cpp">
      <Filter>Source Files</Filter>
    </ClCompile>
  </ItemGroup>
  <ItemGroup>
    <Filter Include="Source Files">
      <UniqueIdentifier>{2AB29AB6-1D5E-3A45-8D78-3CB360EB7493}</UniqueIdentifier>
    </Filter>
  </ItemGroup>
</Project>
